
Microsoft Visual Studio Solution File, Format Version 12.00
# Visual Studio Version 17
VisualStudioVersion = 17.14.36915.13 d17.14
MinimumVisualStudioVersion = 10.0.40219.1
Project("{FAE04EC0-301F-11D3-BF4B-00C04F79EFBC}") = "ProyectMobilBD", "ProyectMobilBD\ProyectMobilBD.csproj", "{0C7D16E2-2703-4BD8-B6F3-832B9C04A61F}"
EndProject
Global
	GlobalSection(SolutionConfigurationPlatforms) = preSolution
		Debug|Any CPU = Debug|Any CPU
		Release|Any CPU = Release|Any CPU
	EndGlobalSection
	GlobalSection(ProjectConfigurationPlatforms) = postSolution
		{0C7D16E2-2703-4BD8-B6F3-832B9C04A61F}.Debug|Any CPU.ActiveCfg = Debug|Any CPU
		{0C7D16E2-2703-4BD8-B6F3-832B9C04A61F}.Debug|Any CPU.Build.0 = Debug|Any CPU
		{0C7D16E2-2703-4BD8-B6F3-832B9C04A61F}.Release|Any CPU.ActiveCfg = Release|Any CPU
		{0C7D16E2-2703-4BD8-B6F3-832B9C04A61F}.Release|Any CPU.Build.0 = Release|Any CPU
	EndGlobalSection
	GlobalSection(SolutionProperties) = preSolution
		HideSolutionNode = FALSE
	EndGlobalSection
	GlobalSection(ExtensibilityGlobals) = postSolution
		SolutionGuid = {85AB44EE-D617-426F-A3B4-041F8213E853}
	EndGlobalSection
EndGlobal
